
Microsoft Visual Studio Solution File, Format Version 12.00
# Visual Studio 15
VisualStudioVersion = 15.0.28307.2017
MinimumVisualStudioVersion = 10.0.40219.1
Project("{8BC9CEB8-8B4A-11D0-8D11-00A0C91BC942}") = "Equity15", "Anim19_OSDN\GD19.vcxproj", "{FE2B8ABE-DBBE-466A-86BB-0B2344866A98}"
EndProject
Global
	GlobalSection(SolutionConfigurationPlatforms) = preSolution
		Release|x86 = Release|x86
	EndGlobalSection
	GlobalSection(ProjectConfigurationPlatforms) = postSolution
		{FE2B8ABE-DBBE-466A-86BB-0B2344866A98}.Release|x86.ActiveCfg = Release|Win32
		{FE2B8ABE-DBBE-466A-86BB-0B2344866A98}.Release|x86.Build.0 = Release|Win32
	EndGlobalSection
	GlobalSection(SolutionProperties) = preSolution
		HideSolutionNode = FALSE
	EndGlobalSection
	GlobalSection(ExtensibilityGlobals) = postSolution
		SolutionGuid = {9A3C5A0F-690D-46C7-91F3-EE13BF2FA64F}
	EndGlobalSection
EndGlobal
