<?xml version="1.0" encoding="utf-8"?>
<Project ToolsVersion="4.0" xmlns="http://schemas.microsoft.com/developer/msbuild/2003">
  <ItemGroup>
    <Filter Include="Source Files">
      <UniqueIdentifier>{79948c28-3821-46a8-84ce-fe3c2dceaf91}</UniqueIdentifier>
      <Extensions>cpp;c;cxx;rc;def;r;odl;hpj;bat;for;f90</Extensions>
    </Filter>
    <Filter Include="Source Files\TypeParser">
      <UniqueIdentifier>{618822df-ede5-4d03-9d45-8a6eebf5fcfd}</UniqueIdentifier>
    </Filter>
    <Filter Include="Header Files">
      <UniqueIdentifier>{8748ddaf-85cb-4d31-9ba7-1a380faec43d}</UniqueIdentifier>
      <Extensions>h;hpp;hxx;hm;inl;fi;fd</Extensions>
    </Filter>
    <Filter Include="Resource Files">
      <UniqueIdentifier>{f7163b1e-11cf-4cc6-9c4a-559266060c30}</UniqueIdentifier>
      <Extensions>ico;cur;bmp;dlg;rc2;rct;bin;cnt;rtf;gif;jpg;jpeg;jpe</Extensions>
    </Filter>
  </ItemGroup>
  <ItemGroup>
    <ClCompile Include="A_Brush.cpp">
      <Filter>Source Files</Filter>
    </ClCompile>
    <ClCompile Include="A_Camera.cpp">
      <Filter>Source Files</Filter>
    </ClCompile>
    <ClCompile Include="A_CreateArchDialog.cpp">
      <Filter>Source Files</Filter>
    </ClCompile>
    <ClCompile Include="A_CreateBoxDialog.cpp">
      <Filter>Source Files</Filter>
    </ClCompile>
    <ClCompile Include="A_CreateConeDialog.cpp">
      <Filter>Source Files</Filter>
    </ClCompile>
    <ClCompile Include="A_CreateCylDialog.cpp">
      <Filter>Source Files</Filter>
    </ClCompile>
    <ClCompile Include="A_CreateSpheroidDialog.cpp">
      <Filter>Source Files</Filter>
    </ClCompile>
    <ClCompile Include="A_CreateStaircaseDialog.cpp">
      <Filter>Source Files</Filter>
    </ClCompile>
    <ClCompile Include="A_Dialogs.cpp">
      <Filter>Source Files</Filter>
    </ClCompile>
    <ClCompile Include="A_Export_World.cpp">
      <Filter>Source Files</Filter>
    </ClCompile>
    <ClCompile Include="A_FaceDialog.cpp">
      <Filter>Source Files</Filter>
    </ClCompile>
    <ClCompile Include="A_File.cpp">
      <Filter>Source Files</Filter>
    </ClCompile>
    <ClCompile Include="A_FileIO.cpp">
      <Filter>Source Files</Filter>
    </ClCompile>
    <ClCompile Include="A_MainView.cpp">
      <Filter>Source Files</Filter>
    </ClCompile>
    <ClCompile Include="A_Render_App.cpp">
      <Filter>Source Files</Filter>
    </ClCompile>
    <ClCompile Include="A_Scene.cpp">
      <Filter>Source Files</Filter>
    </ClCompile>
    <ClCompile Include="A_TabsControl.cpp">
      <Filter>Source Files</Filter>
    </ClCompile>
    <ClCompile Include="A_TabsGroups_Dlg.cpp">
      <Filter>Source Files</Filter>
    </ClCompile>
    <ClCompile Include="A_TabsTemplates_Dlg.cpp">
      <Filter>Source Files</Filter>
    </ClCompile>
    <ClCompile Include="A_TextureDialog.cpp">
      <Filter>Source Files</Filter>
    </ClCompile>
    <ClCompile Include="A_TopTabs.cpp">
      <Filter>Source Files</Filter>
    </ClCompile>
    <ClCompile Include="A_TxlEditor.cpp">
      <Filter>Source Files</Filter>
    </ClCompile>
    <ClCompile Include="AB_App.cpp">
      <Filter>Source Files</Filter>
    </ClCompile>
    <ClCompile Include="AB_Export_RFW.cpp">
      <Filter>Source Files</Filter>
    </ClCompile>
    <ClCompile Include="ActivationWatch.cpp">
      <Filter>Source Files</Filter>
    </ClCompile>
    <ClCompile Include="array.c">
      <Filter>Source Files</Filter>
    </ClCompile>
    <ClCompile Include="box3d.c">
      <Filter>Source Files</Filter>
    </ClCompile>
    <ClCompile Include="brush.cpp">
      <Filter>Source Files</Filter>
    </ClCompile>
    <ClCompile Include="BrushAttributesDialog.cpp">
      <Filter>Source Files</Filter>
    </ClCompile>
    <ClCompile Include="BrushTemplate.cpp">
      <Filter>Source Files</Filter>
    </ClCompile>
    <ClCompile Include="CapView.cpp">
      <Filter>Source Files</Filter>
    </ClCompile>
    <ClCompile Include="ChildFrm.cpp">
      <Filter>Source Files</Filter>
    </ClCompile>
    <ClCompile Include="ColorBtn.cpp">
      <Filter>Source Files</Filter>
    </ClCompile>
    <ClCompile Include="Compiler.cpp">
      <Filter>Source Files</Filter>
    </ClCompile>
    <ClCompile Include="EntitiesDialog.cpp">
      <Filter>Source Files</Filter>
    </ClCompile>
    <ClCompile Include="Entity.cpp">
      <Filter>Source Files</Filter>
    </ClCompile>
    <ClCompile Include="EntityTable.cpp">
      <Filter>Source Files</Filter>
    </ClCompile>
    <ClCompile Include="EntityVisDlg.cpp">
      <Filter>Source Files</Filter>
    </ClCompile>
    <ClCompile Include="EntTypeName.c">
      <Filter>Source Files</Filter>
    </ClCompile>
    <ClCompile Include="EntView.cpp">
      <Filter>Source Files</Filter>
    </ClCompile>
    <ClCompile Include="Export3dsDialog.cpp">
      <Filter>Source Files</Filter>
    </ClCompile>
    <ClCompile Include="F_View.cpp">
      <Filter>Source Files</Filter>
    </ClCompile>
    <ClCompile Include="face.c">
      <Filter>Source Files</Filter>
    </ClCompile>
    <ClCompile Include="FaceAttributesDialog.cpp">
      <Filter>Source Files</Filter>
    </ClCompile>
    <ClCompile Include="FaceList.cpp">
      <Filter>Source Files</Filter>
    </ClCompile>
    <ClCompile Include="FilePath.c">
      <Filter>Source Files</Filter>
    </ClCompile>
    <ClCompile Include="FUSION.cpp">
      <Filter>Source Files</Filter>
    </ClCompile>
    <ClCompile Include="FUSIONDoc.cpp">
      <Filter>Source Files</Filter>
    </ClCompile>
    <ClCompile Include="FusionTabControls.cpp">
      <Filter>Source Files</Filter>
    </ClCompile>
    <ClCompile Include="FUSIONView.cpp">
      <Filter>Source Files</Filter>
    </ClCompile>
    <ClCompile Include="GridSizeDialog.cpp">
      <Filter>Source Files</Filter>
    </ClCompile>
    <ClCompile Include="group.cpp">
      <Filter>Source Files</Filter>
    </ClCompile>
    <ClCompile Include="KeyEditDlg.cpp">
      <Filter>Source Files</Filter>
    </ClCompile>
    <ClCompile Include="level.cpp">
      <Filter>Source Files</Filter>
    </ClCompile>
    <ClCompile Include="LevelOptions.cpp">
      <Filter>Source Files</Filter>
    </ClCompile>
    <ClCompile Include="List.c">
      <Filter>Source Files</Filter>
    </ClCompile>
    <ClCompile Include="MainFrm.cpp">
      <Filter>Source Files</Filter>
    </ClCompile>
    <ClCompile Include="model.cpp">
      <Filter>Source Files</Filter>
    </ClCompile>
    <ClCompile Include="NameWindow.cpp">
      <Filter>Source Files</Filter>
    </ClCompile>
    <ClCompile Include="node.cpp">
      <Filter>Source Files</Filter>
    </ClCompile>
    <ClCompile Include="Parse3dt.c">
      <Filter>Source Files</Filter>
    </ClCompile>
    <ClCompile Include="PreferencesDialog.cpp">
      <Filter>Source Files</Filter>
    </ClCompile>
    <ClCompile Include="Prefs.c">
      <Filter>Source Files</Filter>
    </ClCompile>
    <ClCompile Include="render.cpp">
      <Filter>Source Files</Filter>
    </ClCompile>
    <ClCompile Include="RotateDialog.cpp">
      <Filter>Source Files</Filter>
    </ClCompile>
    <ClCompile Include="ScaleDialog.cpp">
      <Filter>Source Files</Filter>
    </ClCompile>
    <ClCompile Include="SelBrushList.cpp">
      <Filter>Source Files</Filter>
    </ClCompile>
    <ClCompile Include="SelFaceList.c">
      <Filter>Source Files</Filter>
    </ClCompile>
    <ClCompile Include="stack.c">
      <Filter>Source Files</Filter>
    </ClCompile>
    <ClCompile Include="TexturePacker.cpp">
      <Filter>Source Files</Filter>
    </ClCompile>
    <ClCompile Include="typeio.c">
      <Filter>Source Files</Filter>
    </ClCompile>
    <ClCompile Include="undostack.cpp">
      <Filter>Source Files</Filter>
    </ClCompile>
    <ClCompile Include="util.c">
      <Filter>Source Files</Filter>
    </ClCompile>
    <ClCompile Include="WadFile.cpp">
      <Filter>Source Files</Filter>
    </ClCompile>
    <ClCompile Include="TypeParser\cparser.c">
      <Filter>Source Files\TypeParser</Filter>
    </ClCompile>
    <ClCompile Include="TypeParser\cscanner.c">
      <Filter>Source Files\TypeParser</Filter>
    </ClCompile>
    <ClCompile Include="TypeParser\Hash.c">
      <Filter>Source Files\TypeParser</Filter>
    </ClCompile>
    <ClCompile Include="TypeParser\iden.C">
      <Filter>Source Files\TypeParser</Filter>
    </ClCompile>
    <ClCompile Include="TypeParser\scanner.c">
      <Filter>Source Files\TypeParser</Filter>
    </ClCompile>
    <ClCompile Include="TypeParser\symtab.c">
      <Filter>Source Files\TypeParser</Filter>
    </ClCompile>
    <ClCompile Include="TypeParser\type.c">
      <Filter>Source Files\TypeParser</Filter>
    </ClCompile>
    <ClCompile Include="SB_Ogre.cpp">
      <Filter>Source Files</Filter>
    </ClCompile>
    <ClCompile Include="stdafx.cpp">
      <Filter>Source Files</Filter>
    </ClCompile>
    <ClCompile Include="SB_OgreListener.cpp">
      <Filter>Source Files</Filter>
    </ClCompile>
    <ClCompile Include="CollisionTools.cpp">
      <Filter>Source Files</Filter>
    </ClCompile>
    <ClCompile Include="SB_Grid.cpp">
      <Filter>Source Files</Filter>
    </ClCompile>
    <ClCompile Include="SB_Ogre_Dialog.cpp">
      <Filter>Source Files</Filter>
    </ClCompile>
    <ClCompile Include="SB_Keyboard.cpp">
      <Filter>Source Files</Filter>
    </ClCompile>
    <ClCompile Include="SB_Camera.cpp">
      <Filter>Source Files</Filter>
    </ClCompile>
    <ClCompile Include="SB_Assimp.cpp">
      <Filter>Source Files</Filter>
    </ClCompile>
    <ClCompile Include="SB_Model.cpp">
      <Filter>Source Files</Filter>
    </ClCompile>
    <ClCompile Include="SB_Base_Group.cpp">
      <Filter>Source Files</Filter>
    </ClCompile>
    <ClCompile Include="SB_Loader.cpp">
      <Filter>Source Files</Filter>
    </ClCompile>
    <ClCompile Include="SB_Ini.cpp">
      <Filter>Source Files</Filter>
    </ClCompile>
    <ClCompile Include="SB_Render.cpp">
      <Filter>Source Files</Filter>
    </ClCompile>
    <ClCompile Include="SB_Export_Ogre3D.cpp">
      <Filter>Source Files</Filter>
    </ClCompile>
    <ClCompile Include="SB_Exporter.cpp">
      <Filter>Source Files</Filter>
    </ClCompile>
    <ClCompile Include="SB_Textures.cpp">
      <Filter>Source Files</Filter>
    </ClCompile>
    <ClCompile Include="SB_Dialogs.cpp">
      <Filter>Source Files</Filter>
    </ClCompile>
    <ClCompile Include="tinystr.cpp">
      <Filter>Source Files</Filter>
    </ClCompile>
    <ClCompile Include="tinyxml.cpp">
      <Filter>Source Files</Filter>
    </ClCompile>
    <ClCompile Include="tinyxmlerror.cpp">
      <Filter>Source Files</Filter>
    </ClCompile>
    <ClCompile Include="tinyxmlparser.cpp">
      <Filter>Source Files</Filter>
    </ClCompile>
  </ItemGroup>
  <ItemGroup>
    <ResourceCompile Include="FUSION.rc">
      <Filter>Source Files</Filter>
    </ResourceCompile>
  </ItemGroup>
  <ItemGroup>
    <ClInclude Include="TypeParser\cparser.h">
      <Filter>Source Files\TypeParser</Filter>
    </ClInclude>
    <ClInclude Include="TypeParser\cscanner.h">
      <Filter>Source Files\TypeParser</Filter>
    </ClInclude>
    <ClInclude Include="TypeParser\Hash.h">
      <Filter>Source Files\TypeParser</Filter>
    </ClInclude>
    <ClInclude Include="TypeParser\iden.H">
      <Filter>Source Files\TypeParser</Filter>
    </ClInclude>
    <ClInclude Include="TypeParser\scanner.h">
      <Filter>Source Files\TypeParser</Filter>
    </ClInclude>
    <ClInclude Include="TypeParser\symtab.h">
      <Filter>Source Files\TypeParser</Filter>
    </ClInclude>
    <ClInclude Include="TypeParser\type.h">
      <Filter>Source Files\TypeParser</Filter>
    </ClInclude>
    <ClInclude Include="A_Brush.h">
      <Filter>Header Files</Filter>
    </ClInclude>
    <ClInclude Include="A_Camera.h">
      <Filter>Header Files</Filter>
    </ClInclude>
    <ClInclude Include="A_CreateArchDialog.h">
      <Filter>Header Files</Filter>
    </ClInclude>
    <ClInclude Include="A_CreateBoxDialog.h">
      <Filter>Header Files</Filter>
    </ClInclude>
    <ClInclude Include="A_CreateConeDialog.h">
      <Filter>Header Files</Filter>
    </ClInclude>
    <ClInclude Include="A_CreateCylDialog.h">
      <Filter>Header Files</Filter>
    </ClInclude>
    <ClInclude Include="A_CreateSpheroidDialog.h">
      <Filter>Header Files</Filter>
    </ClInclude>
    <ClInclude Include="A_CreateStaircaseDialog.h">
      <Filter>Header Files</Filter>
    </ClInclude>
    <ClInclude Include="A_Dialogs.h">
      <Filter>Header Files</Filter>
    </ClInclude>
    <ClInclude Include="A_Export_World.h">
      <Filter>Header Files</Filter>
    </ClInclude>
    <ClInclude Include="A_FaceDialog.h">
      <Filter>Header Files</Filter>
    </ClInclude>
    <ClInclude Include="A_File.h">
      <Filter>Header Files</Filter>
    </ClInclude>
    <ClInclude Include="A_FileIO.h">
      <Filter>Header Files</Filter>
    </ClInclude>
    <ClInclude Include="A_MainView.h">
      <Filter>Header Files</Filter>
    </ClInclude>
    <ClInclude Include="A_Render_App.h">
      <Filter>Header Files</Filter>
    </ClInclude>
    <ClInclude Include="A_Scene.h">
      <Filter>Header Files</Filter>
    </ClInclude>
    <ClInclude Include="A_TabsControl.h">
      <Filter>Header Files</Filter>
    </ClInclude>
    <ClInclude Include="A_TabsGroups_Dlg.h">
      <Filter>Header Files</Filter>
    </ClInclude>
    <ClInclude Include="A_TabsTemplates_Dlg.h">
      <Filter>Header Files</Filter>
    </ClInclude>
    <ClInclude Include="A_TextureDialog.h">
      <Filter>Header Files</Filter>
    </ClInclude>
    <ClInclude Include="A_TopTabs.h">
      <Filter>Header Files</Filter>
    </ClInclude>
    <ClInclude Include="A_TxlEditor.h">
      <Filter>Header Files</Filter>
    </ClInclude>
    <ClInclude Include="AB_App.h">
      <Filter>Header Files</Filter>
    </ClInclude>
    <ClInclude Include="AB_Export_RFW.h">
      <Filter>Header Files</Filter>
    </ClInclude>
    <ClInclude Include="ActivationWatch.h">
      <Filter>Header Files</Filter>
    </ClInclude>
    <ClInclude Include="array.h">
      <Filter>Header Files</Filter>
    </ClInclude>
    <ClInclude Include="box3d.h">
      <Filter>Header Files</Filter>
    </ClInclude>
    <ClInclude Include="brush.h">
      <Filter>Header Files</Filter>
    </ClInclude>
    <ClInclude Include="BrushAttributesDialog.h">
      <Filter>Header Files</Filter>
    </ClInclude>
    <ClInclude Include="BrushTemplate.h">
      <Filter>Header Files</Filter>
    </ClInclude>
    <ClInclude Include="CapView.h">
      <Filter>Header Files</Filter>
    </ClInclude>
    <ClInclude Include="ChildFrm.h">
      <Filter>Header Files</Filter>
    </ClInclude>
    <ClInclude Include="ColorBtn.h">
      <Filter>Header Files</Filter>
    </ClInclude>
    <ClInclude Include="Compiler.h">
      <Filter>Header Files</Filter>
    </ClInclude>
    <ClInclude Include="EntitiesDialog.h">
      <Filter>Header Files</Filter>
    </ClInclude>
    <ClInclude Include="Entity.h">
      <Filter>Header Files</Filter>
    </ClInclude>
    <ClInclude Include="EntityTable.h">
      <Filter>Header Files</Filter>
    </ClInclude>
    <ClInclude Include="EntityVisDlg.h">
      <Filter>Header Files</Filter>
    </ClInclude>
    <ClInclude Include="EntTypeName.h">
      <Filter>Header Files</Filter>
    </ClInclude>
    <ClInclude Include="EntView.h">
      <Filter>Header Files</Filter>
    </ClInclude>
    <ClInclude Include="Export3dsDialog.h">
      <Filter>Header Files</Filter>
    </ClInclude>
    <ClInclude Include="F_View.h">
      <Filter>Header Files</Filter>
    </ClInclude>
    <ClInclude Include="face.h">
      <Filter>Header Files</Filter>
    </ClInclude>
    <ClInclude Include="FaceAttributesDialog.h">
      <Filter>Header Files</Filter>
    </ClInclude>
    <ClInclude Include="facelist.h">
      <Filter>Header Files</Filter>
    </ClInclude>
    <ClInclude Include="FilePath.h">
      <Filter>Header Files</Filter>
    </ClInclude>
    <ClInclude Include="Fusion.h">
      <Filter>Header Files</Filter>
    </ClInclude>
    <ClInclude Include="FUSIONDoc.h">
      <Filter>Header Files</Filter>
    </ClInclude>
    <ClInclude Include="FusionTabControls.h">
      <Filter>Header Files</Filter>
    </ClInclude>
    <ClInclude Include="Fusionview.h">
      <Filter>Header Files</Filter>
    </ClInclude>
    <ClInclude Include="Gbsplib.h">
      <Filter>Header Files</Filter>
    </ClInclude>
    <ClInclude Include="GridSizeDialog.h">
      <Filter>Header Files</Filter>
    </ClInclude>
    <ClInclude Include="group.h">
      <Filter>Header Files</Filter>
    </ClInclude>
    <ClInclude Include="KeyEditDlg.h">
      <Filter>Header Files</Filter>
    </ClInclude>
    <ClInclude Include="level.h">
      <Filter>Header Files</Filter>
    </ClInclude>
    <ClInclude Include="LevelOptions.h">
      <Filter>Header Files</Filter>
    </ClInclude>
    <ClInclude Include="list.h">
      <Filter>Header Files</Filter>
    </ClInclude>
    <ClInclude Include="MainFrm.h">
      <Filter>Header Files</Filter>
    </ClInclude>
    <ClInclude Include="model.h">
      <Filter>Header Files</Filter>
    </ClInclude>
    <ClInclude Include="Mydef.h">
      <Filter>Header Files</Filter>
    </ClInclude>
    <ClInclude Include="NameWindow.h">
      <Filter>Header Files</Filter>
    </ClInclude>
    <ClInclude Include="node.h">
      <Filter>Header Files</Filter>
    </ClInclude>
    <ClInclude Include="Parse3dt.h">
      <Filter>Header Files</Filter>
    </ClInclude>
    <ClInclude Include="PreferencesDialog.h">
      <Filter>Header Files</Filter>
    </ClInclude>
    <ClInclude Include="prefs.h">
      <Filter>Header Files</Filter>
    </ClInclude>
    <ClInclude Include="render.h">
      <Filter>Header Files</Filter>
    </ClInclude>
    <ClInclude Include="resource.h">
      <Filter>Header Files</Filter>
    </ClInclude>
    <ClInclude Include="RotateDialog.h">
      <Filter>Header Files</Filter>
    </ClInclude>
    <ClInclude Include="ScaleDialog.h">
      <Filter>Header Files</Filter>
    </ClInclude>
    <ClInclude Include="SelBrushList.h">
      <Filter>Header Files</Filter>
    </ClInclude>
    <ClInclude Include="SelFaceList.h">
      <Filter>Header Files</Filter>
    </ClInclude>
    <ClInclude Include="stack.h">
      <Filter>Header Files</Filter>
    </ClInclude>
    <ClInclude Include="StdAfx.h">
      <Filter>Header Files</Filter>
    </ClInclude>
    <ClInclude Include="TexturePacker.h">
      <Filter>Header Files</Filter>
    </ClInclude>
    <ClInclude Include="typeio.h">
      <Filter>Header Files</Filter>
    </ClInclude>
    <ClInclude Include="undostack.h">
      <Filter>Header Files</Filter>
    </ClInclude>
    <ClInclude Include="units.h">
      <Filter>Header Files</Filter>
    </ClInclude>
    <ClInclude Include="util.h">
      <Filter>Header Files</Filter>
    </ClInclude>
    <ClInclude Include="WadFile.h">
      <Filter>Header Files</Filter>
    </ClInclude>
    <ClInclude Include="SB_Ogre.h">
      <Filter>Header Files</Filter>
    </ClInclude>
    <ClInclude Include="SB_OgreListener.h">
      <Filter>Header Files</Filter>
    </ClInclude>
    <ClInclude Include="CollisionTools.h">
      <Filter>Header Files</Filter>
    </ClInclude>
    <ClInclude Include="SB_Grid.h">
      <Filter>Header Files</Filter>
    </ClInclude>
    <ClInclude Include="SB_Ogre_Dialog.h">
      <Filter>Header Files</Filter>
    </ClInclude>
    <ClInclude Include="SB_Keyboard.h">
      <Filter>Header Files</Filter>
    </ClInclude>
    <ClInclude Include="SB_Camera.h">
      <Filter>Header Files</Filter>
    </ClInclude>
    <ClInclude Include="SB_Assimp.h">
      <Filter>Header Files</Filter>
    </ClInclude>
    <ClInclude Include="SB_Model.h">
      <Filter>Header Files</Filter>
    </ClInclude>
    <ClInclude Include="SB_Base_Group.h">
      <Filter>Header Files</Filter>
    </ClInclude>
    <ClInclude Include="SB_Loader.h">
      <Filter>Header Files</Filter>
    </ClInclude>
    <ClInclude Include="SB_Ini.h">
      <Filter>Header Files</Filter>
    </ClInclude>
    <ClInclude Include="SB_Render.h">
      <Filter>Header Files</Filter>
    </ClInclude>
    <ClInclude Include="SB_Export_Ogre3D.h">
      <Filter>Header Files</Filter>
    </ClInclude>
    <ClInclude Include="SB_Exporter.h">
      <Filter>Header Files</Filter>
    </ClInclude>
    <ClInclude Include="SB_Textures.h">
      <Filter>Header Files</Filter>
    </ClInclude>
    <ClInclude Include="SB_Dialogs.h">
      <Filter>Header Files</Filter>
    </ClInclude>
    <ClInclude Include="tinystr.h">
      <Filter>Header Files</Filter>
    </ClInclude>
    <ClInclude Include="tinyxml.h">
      <Filter>Header Files</Filter>
    </ClInclude>
  </ItemGroup>
  <ItemGroup>
    <None Include="resource.hm">
      <Filter>Header Files</Filter>
    </None>
    <None Include="res\actor.ico">
      <Filter>Resource Files</Filter>
    </None>
    <None Include="res\arch.ico">
      <Filter>Resource Files</Filter>
    </None>
    <None Include="res\arrow.cur">
      <Filter>Resource Files</Filter>
    </None>
    <None Include="res\bitmap1.bmp">
      <Filter>Resource Files</Filter>
    </None>
    <None Include="res\bmp_sun.bmp">
      <Filter>Resource Files</Filter>
    </None>
    <None Include="res\camera.bmp">
      <Filter>Resource Files</Filter>
    </None>
    <None Include="res\cone.ico">
      <Filter>Resource Files</Filter>
    </None>
    <None Include="res\createar.bmp">
      <Filter>Resource Files</Filter>
    </None>
    <None Include="res\createco.bmp">
      <Filter>Resource Files</Filter>
    </None>
    <None Include="res\createst.bmp">
      <Filter>Resource Files</Filter>
    </None>
    <None Include="res\Cross_m.cur">
      <Filter>Resource Files</Filter>
    </None>
    <None Include="res\cube.ico">
      <Filter>Resource Files</Filter>
    </None>
    <None Include="res\cursor1.cur">
      <Filter>Resource Files</Filter>
    </None>
    <None Include="res\cylinder.bmp">
      <Filter>Resource Files</Filter>
    </None>
    <None Include="res\cylinder.ico">
      <Filter>Resource Files</Filter>
    </None>
    <None Include="res\default.bmp">
      <Filter>Resource Files</Filter>
    </None>
    <None Include="res\eyedropper.cur">
      <Filter>Resource Files</Filter>
    </None>
    <None Include="res\ffend.ico">
      <Filter>Resource Files</Filter>
    </None>
    <None Include="res\ffframe.ico">
      <Filter>Resource Files</Filter>
    </None>
    <None Include="res\fog_ligh.ico">
      <Filter>Resource Files</Filter>
    </None>
    <None Include="res\FUSION.ico">
      <Filter>Resource Files</Filter>
    </None>
    <None Include="res\FUSION.rc2">
      <Filter>Resource Files</Filter>
    </None>
    <None Include="res\FUSIONDoc.ico">
      <Filter>Resource Files</Filter>
    </None>
    <None Include="res\genesis3.bmp">
      <Filter>Resource Files</Filter>
    </None>
    <None Include="res\groupbar.bmp">
      <Filter>Resource Files</Filter>
    </None>
    <None Include="res\hollowbo.bmp">
      <Filter>Resource Files</Filter>
    </None>
    <None Include="res\hollowsp.bmp">
      <Filter>Resource Files</Filter>
    </None>
    <None Include="res\icon1.ico">
      <Filter>Resource Files</Filter>
    </None>
    <None Include="res\icoPlay.ico">
      <Filter>Resource Files</Filter>
    </None>
    <None Include="res\libobj.ico">
      <Filter>Resource Files</Filter>
    </None>
    <None Include="res\light.bmp">
      <Filter>Resource Files</Filter>
    </None>
    <None Include="res\light.ico">
      <Filter>Resource Files</Filter>
    </None>
    <None Include="res\modelorg.bmp">
      <Filter>Resource Files</Filter>
    </None>
    <None Include="res\omni_lig.ico">
      <Filter>Resource Files</Filter>
    </None>
    <None Include="res\playstart.ico">
      <Filter>Resource Files</Filter>
    </None>
    <None Include="res\pointer.cur">
      <Filter>Resource Files</Filter>
    </None>
    <None Include="res\rrframe.ico">
      <Filter>Resource Files</Filter>
    </None>
    <None Include="res\rrstart.ico">
      <Filter>Resource Files</Filter>
    </None>
    <None Include="res\solidbox.bmp">
      <Filter>Resource Files</Filter>
    </None>
    <None Include="res\solidsph.bmp">
      <Filter>Resource Files</Filter>
    </None>
    <None Include="res\sphere.ico">
      <Filter>Resource Files</Filter>
    </None>
    <None Include="res\spot_lig.ico">
      <Filter>Resource Files</Filter>
    </None>
    <None Include="res\spotlight.bmp">
      <Filter>Resource Files</Filter>
    </None>
    <None Include="res\stairs.ico">
      <Filter>Resource Files</Filter>
    </None>
    <None Include="res\stop.ico">
      <Filter>Resource Files</Filter>
    </None>
    <None Include="res\sun.bmp">
      <Filter>Resource Files</Filter>
    </None>
    <None Include="res\sun_ligh.ico">
      <Filter>Resource Files</Filter>
    </None>
    <None Include="res\Toolbar.bmp">
      <Filter>Resource Files</Filter>
    </None>
    <None Include="res\toolbar1.bmp">
      <Filter>Resource Files</Filter>
    </None>
    <None Include="res\Whoosh.wav">
      <Filter>Resource Files</Filter>
    </None>
    <None Include="Fusion.mak" />
  </ItemGroup>
</Project>