<?xml version="1.0" encoding="utf-8"?>
<Project ToolsVersion="4.0" xmlns="http://schemas.microsoft.com/developer/msbuild/2003">
  <ItemGroup>
    <Filter Include="Source Files">
      <UniqueIdentifier>{4FC737F1-C7A5-4376-A066-2A32D752A2FF}</UniqueIdentifier>
      <Extensions>cpp;c;cc;cxx;def;odl;idl;hpj;bat;asm;asmx</Extensions>
    </Filter>
    <Filter Include="Header Files">
      <UniqueIdentifier>{93995380-89BD-4b04-88EB-625FBE52EBFB}</UniqueIdentifier>
      <Extensions>h;hpp;hxx;hm;inl;inc;xsd</Extensions>
    </Filter>
    <Filter Include="Resource Files">
      <UniqueIdentifier>{67DA6AB6-F800-4c08-8B7A-83BB121AAD01}</UniqueIdentifier>
      <Extensions>rc;ico;cur;bmp;dlg;rc2;rct;bin;rgs;gif;jpg;jpeg;jpe;resx;tiff;tif;png;wav</Extensions>
    </Filter>
  </ItemGroup>
  <ItemGroup>
    <ClCompile Include="BT_App.cpp">
      <Filter>Source Files</Filter>
    </ClCompile>
    <ClCompile Include="BT_Maths.cpp">
      <Filter>Source Files</Filter>
    </ClCompile>
    <ClCompile Include="BT_PhysicsListener.cpp">
      <Filter>Source Files</Filter>
    </ClCompile>
    <ClCompile Include="GameDirectorOgre.cpp">
      <Filter>Source Files</Filter>
    </ClCompile>
    <ClCompile Include="Shell2.cpp">
      <Filter>Source Files</Filter>
    </ClCompile>
    <ClCompile Include="stdafx.cpp">
      <Filter>Source Files</Filter>
    </ClCompile>
    <ClCompile Include="GD_Utilities.cpp">
      <Filter>Source Files</Filter>
    </ClCompile>
    <ClCompile Include="GD_Player.cpp">
      <Filter>Source Files</Filter>
    </ClCompile>
    <ClCompile Include="GD_BULLET.cpp">
      <Filter>Source Files</Filter>
    </ClCompile>
    <ClCompile Include="GD_Scene_Data.cpp">
      <Filter>Source Files</Filter>
    </ClCompile>
    <ClCompile Include="GD_SoundMgr.cpp">
      <Filter>Source Files</Filter>
    </ClCompile>
    <ClCompile Include="GD_Collision.cpp">
      <Filter>Source Files</Filter>
    </ClCompile>
    <ClCompile Include="GD_Add_Objects.cpp">
      <Filter>Source Files</Filter>
    </ClCompile>
    <ClCompile Include="GD_Environment.cpp">
      <Filter>Source Files</Filter>
    </ClCompile>
    <ClCompile Include="GD10_Load_Scene.cpp">
      <Filter>Source Files</Filter>
    </ClCompile>
    <ClCompile Include="GD10_Ini.cpp">
      <Filter>Source Files</Filter>
    </ClCompile>
    <ClCompile Include="SB_Aera.cpp">
      <Filter>Source Files</Filter>
    </ClCompile>
    <ClCompile Include="Base_Area.cpp">
      <Filter>Source Files</Filter>
    </ClCompile>
    <ClCompile Include="Base_Player.cpp">
      <Filter>Source Files</Filter>
    </ClCompile>
    <ClCompile Include="SB_Player.cpp">
      <Filter>Source Files</Filter>
    </ClCompile>
    <ClCompile Include="Base_Locations.cpp">
      <Filter>Source Files</Filter>
    </ClCompile>
  </ItemGroup>
  <ItemGroup>
    <ClInclude Include="BT_App.h">
      <Filter>Header Files</Filter>
    </ClInclude>
    <ClInclude Include="BT_Maths.h">
      <Filter>Header Files</Filter>
    </ClInclude>
    <ClInclude Include="BT_PhysicsListener.h">
      <Filter>Header Files</Filter>
    </ClInclude>
    <ClInclude Include="GameDirectorOgre.h">
      <Filter>Header Files</Filter>
    </ClInclude>
    <ClInclude Include="Resource.h">
      <Filter>Header Files</Filter>
    </ClInclude>
    <ClInclude Include="Shell2.h">
      <Filter>Header Files</Filter>
    </ClInclude>
    <ClInclude Include="stdafx.h">
      <Filter>Header Files</Filter>
    </ClInclude>
    <ClInclude Include="targetver.h">
      <Filter>Header Files</Filter>
    </ClInclude>
    <ClInclude Include="GD_Utilities.h">
      <Filter>Header Files</Filter>
    </ClInclude>
    <ClInclude Include="GD_Player.h">
      <Filter>Header Files</Filter>
    </ClInclude>
    <ClInclude Include="GD_BULLET.h">
      <Filter>Header Files</Filter>
    </ClInclude>
    <ClInclude Include="GD_Scene_Data.h">
      <Filter>Header Files</Filter>
    </ClInclude>
    <ClInclude Include="GD_SoundMgr.h">
      <Filter>Header Files</Filter>
    </ClInclude>
    <ClInclude Include="GD_Collision.h">
      <Filter>Header Files</Filter>
    </ClInclude>
    <ClInclude Include="GD_Add_Objects.h">
      <Filter>Header Files</Filter>
    </ClInclude>
    <ClInclude Include="GD_Environment.h">
      <Filter>Header Files</Filter>
    </ClInclude>
    <ClInclude Include="GD10_Load_Scene.h">
      <Filter>Header Files</Filter>
    </ClInclude>
    <ClInclude Include="GD10_Ini.h">
      <Filter>Header Files</Filter>
    </ClInclude>
    <ClInclude Include="SB_Aera.h">
      <Filter>Header Files</Filter>
    </ClInclude>
    <ClInclude Include="Base_Area.h">
      <Filter>Header Files</Filter>
    </ClInclude>
    <ClInclude Include="Base_Player.h">
      <Filter>Header Files</Filter>
    </ClInclude>
    <ClInclude Include="SB_Player.h">
      <Filter>Header Files</Filter>
    </ClInclude>
    <ClInclude Include="Base_Locations.h">
      <Filter>Header Files</Filter>
    </ClInclude>
  </ItemGroup>
  <ItemGroup>
    <None Include="Shell2.ico">
      <Filter>Resource Files</Filter>
    </None>
    <None Include="small.ico">
      <Filter>Resource Files</Filter>
    </None>
    <None Include="ReadMe.txt" />
  </ItemGroup>
  <ItemGroup>
    <ResourceCompile Include="Shell2.rc">
      <Filter>Resource Files</Filter>
    </ResourceCompile>
  </ItemGroup>
</Project>