<?xml version="1.0" encoding="utf-8"?>
<Project ToolsVersion="4.0" xmlns="http://schemas.microsoft.com/developer/msbuild/2003">
  <ItemGroup>
    <Filter Include="Source Files">
      <UniqueIdentifier>{4FC737F1-C7A5-4376-A066-2A32D752A2FF}</UniqueIdentifier>
      <Extensions>cpp;c;cc;cxx;c++;cppm;ixx;def;odl;idl;hpj;bat;asm;asmx</Extensions>
    </Filter>
    <Filter Include="Header Files">
      <UniqueIdentifier>{93995380-89BD-4b04-88EB-625FBE52EBFB}</UniqueIdentifier>
      <Extensions>h;hh;hpp;hxx;h++;hm;inl;inc;ipp;xsd</Extensions>
    </Filter>
    <Filter Include="Resource Files">
      <UniqueIdentifier>{67DA6AB6-F800-4c08-8B7A-83BB121AAD01}</UniqueIdentifier>
      <Extensions>rc;ico;cur;bmp;dlg;rc2;rct;bin;rgs;gif;jpg;jpeg;jpe;resx;tiff;tif;png;wav;mfcribbon-ms</Extensions>
    </Filter>
  </ItemGroup>
  <ItemGroup>
    <ClInclude Include="framework.h">
      <Filter>Header Files</Filter>
    </ClInclude>
    <ClInclude Include="targetver.h">
      <Filter>Header Files</Filter>
    </ClInclude>
    <ClInclude Include="Resource.h">
      <Filter>Header Files</Filter>
    </ClInclude>
    <ClInclude Include="World_Viewer.h">
      <Filter>Header Files</Filter>
    </ClInclude>
    <ClInclude Include="WV_App.h">
      <Filter>Header Files</Filter>
    </ClInclude>
    <ClInclude Include="stdafx.h">
      <Filter>Header Files</Filter>
    </ClInclude>
    <ClInclude Include="WV_Ogre.h">
      <Filter>Header Files</Filter>
    </ClInclude>
    <ClInclude Include="WV_OgreListener.h">
      <Filter>Header Files</Filter>
    </ClInclude>
    <ClInclude Include="WV_Grid.h">
      <Filter>Header Files</Filter>
    </ClInclude>
    <ClInclude Include="WV_ImGui.h">
      <Filter>Header Files</Filter>
    </ClInclude>
    <ClInclude Include="WV_Loader.h">
      <Filter>Header Files</Filter>
    </ClInclude>
    <ClInclude Include="WV_Ini.h">
      <Filter>Header Files</Filter>
    </ClInclude>
    <ClInclude Include="WV_Assimp.h">
      <Filter>Header Files</Filter>
    </ClInclude>
    <ClInclude Include="Base_Group.h">
      <Filter>Header Files</Filter>
    </ClInclude>
    <ClInclude Include="WV_Export_Ogre3D.h">
      <Filter>Header Files</Filter>
    </ClInclude>
    <ClInclude Include="WV_PB.h">
      <Filter>Header Files</Filter>
    </ClInclude>
    <ClInclude Include="WV_Load_Ogre.h">
      <Filter>Header Files</Filter>
    </ClInclude>
    <ClInclude Include="WV_Keyboard.h">
      <Filter>Header Files</Filter>
    </ClInclude>
    <ClInclude Include="WV_Dialogs.h">
      <Filter>Header Files</Filter>
    </ClInclude>
    <ClInclude Include="WV_Bullet.h">
      <Filter>Header Files</Filter>
    </ClInclude>
    <ClInclude Include="WV_TopTabs.h">
      <Filter>Header Files</Filter>
    </ClInclude>
    <ClInclude Include="Base_Player.h">
      <Filter>Header Files</Filter>
    </ClInclude>
    <ClInclude Include="WV_Player.h">
      <Filter>Header Files</Filter>
    </ClInclude>
    <ClInclude Include="DynamicCharacterController.h">
      <Filter>Header Files</Filter>
    </ClInclude>
    <ClInclude Include="CollisionTools.h">
      <Filter>Header Files</Filter>
    </ClInclude>
    <ClInclude Include="WV_World.h">
      <Filter>Header Files</Filter>
    </ClInclude>
    <ClInclude Include="Base_Area.h">
      <Filter>Header Files</Filter>
    </ClInclude>
    <ClInclude Include="WV_Debug_Render.h">
      <Filter>Header Files</Filter>
    </ClInclude>
    <ClInclude Include="WV_Properties.h">
      <Filter>Header Files</Filter>
    </ClInclude>
    <ClInclude Include="WV_Physics.h">
      <Filter>Header Files</Filter>
    </ClInclude>
    <ClInclude Include="iden.H">
      <Filter>Header Files</Filter>
    </ClInclude>
    <ClInclude Include="WV_Import_3DT.h">
      <Filter>Header Files</Filter>
    </ClInclude>
    <ClInclude Include="WV_Faces.h">
      <Filter>Header Files</Filter>
    </ClInclude>
    <ClInclude Include="WV_BrushTabs_Dlg.h">
      <Filter>Header Files</Filter>
    </ClInclude>
    <ClInclude Include="A_Export_World.h">
      <Filter>Header Files</Filter>
    </ClInclude>
    <ClInclude Include="typeio.h">
      <Filter>Header Files</Filter>
    </ClInclude>
    <ClInclude Include="WE_SPLITVIEWS.h">
      <Filter>Header Files</Filter>
    </ClInclude>
    <ClInclude Include="CFusionDoc.h">
      <Filter>Header Files</Filter>
    </ClInclude>
    <ClInclude Include="CLevel.h">
      <Filter>Header Files</Filter>
    </ClInclude>
    <ClInclude Include="CGroup.h">
      <Filter>Header Files</Filter>
    </ClInclude>
    <ClInclude Include="CUtil.h">
      <Filter>Header Files</Filter>
    </ClInclude>
    <ClInclude Include="CModel.h">
      <Filter>Header Files</Filter>
    </ClInclude>
    <ClInclude Include="CList.h">
      <Filter>Header Files</Filter>
    </ClInclude>
    <ClInclude Include="CBrushTemplate.h">
      <Filter>Header Files</Filter>
    </ClInclude>
    <ClInclude Include="CRender.h">
      <Filter>Header Files</Filter>
    </ClInclude>
    <ClInclude Include="CFaces.h">
      <Filter>Header Files</Filter>
    </ClInclude>
    <ClInclude Include="CBox3d.h">
      <Filter>Header Files</Filter>
    </ClInclude>
    <ClInclude Include="CBrush.h">
      <Filter>Header Files</Filter>
    </ClInclude>
    <ClInclude Include="CFaceList.h">
      <Filter>Header Files</Filter>
    </ClInclude>
    <ClInclude Include="CView.h">
      <Filter>Header Files</Filter>
    </ClInclude>
  </ItemGroup>
  <ItemGroup>
    <ClCompile Include="World_Viewer.cpp">
      <Filter>Source Files</Filter>
    </ClCompile>
    <ClCompile Include="WV_App.cpp">
      <Filter>Source Files</Filter>
    </ClCompile>
    <ClCompile Include="stdafx.cpp">
      <Filter>Source Files</Filter>
    </ClCompile>
    <ClCompile Include="WV_Ogre.cpp">
      <Filter>Source Files</Filter>
    </ClCompile>
    <ClCompile Include="WV_OgreListener.cpp">
      <Filter>Source Files</Filter>
    </ClCompile>
    <ClCompile Include="WV_Grid.cpp">
      <Filter>Source Files</Filter>
    </ClCompile>
    <ClCompile Include="..\..\Anim19_OSDN\Common\imGui\ImGui_cpp\imgui.cpp">
      <Filter>Source Files</Filter>
    </ClCompile>
    <ClCompile Include="..\..\Anim19_OSDN\Common\imGui\ImGui_cpp\imgui_demo.cpp">
      <Filter>Source Files</Filter>
    </ClCompile>
    <ClCompile Include="..\..\Anim19_OSDN\Common\imGui\ImGui_cpp\imgui_draw.cpp">
      <Filter>Source Files</Filter>
    </ClCompile>
    <ClCompile Include="..\..\Anim19_OSDN\Common\imGui\ImGui_cpp\imgui_tables.cpp">
      <Filter>Source Files</Filter>
    </ClCompile>
    <ClCompile Include="..\..\Anim19_OSDN\Common\imGui\ImGui_cpp\imgui_widgets.cpp">
      <Filter>Source Files</Filter>
    </ClCompile>
    <ClCompile Include="..\..\Anim19_OSDN\Common\imGui\ImGui_cpp\ImguiManager.cpp">
      <Filter>Source Files</Filter>
    </ClCompile>
    <ClCompile Include="..\..\Anim19_OSDN\Common\imGui\ImGui_cpp\ImguiRenderable.cpp">
      <Filter>Source Files</Filter>
    </ClCompile>
    <ClCompile Include="WV_ImGui.cpp">
      <Filter>Source Files</Filter>
    </ClCompile>
    <ClCompile Include="WV_Loader.cpp">
      <Filter>Source Files</Filter>
    </ClCompile>
    <ClCompile Include="WV_Ini.cpp">
      <Filter>Source Files</Filter>
    </ClCompile>
    <ClCompile Include="WV_Assimp.cpp">
      <Filter>Source Files</Filter>
    </ClCompile>
    <ClCompile Include="Base_Group.cpp">
      <Filter>Source Files</Filter>
    </ClCompile>
    <ClCompile Include="WV_Export_Ogre3D.cpp">
      <Filter>Source Files</Filter>
    </ClCompile>
    <ClCompile Include="WV_PB.cpp">
      <Filter>Source Files</Filter>
    </ClCompile>
    <ClCompile Include="OgreXMLMeshSerializer.cpp">
      <Filter>Source Files</Filter>
    </ClCompile>
    <ClCompile Include="WV_Load_Ogre.cpp">
      <Filter>Source Files</Filter>
    </ClCompile>
    <ClCompile Include="WV_Keyboard.cpp">
      <Filter>Source Files</Filter>
    </ClCompile>
    <ClCompile Include="WV_Dialogs.cpp">
      <Filter>Source Files</Filter>
    </ClCompile>
    <ClCompile Include="WV_Bullet.cpp">
      <Filter>Source Files</Filter>
    </ClCompile>
    <ClCompile Include="WV_TopTabs.cpp">
      <Filter>Source Files</Filter>
    </ClCompile>
    <ClCompile Include="Base_Player.cpp">
      <Filter>Source Files</Filter>
    </ClCompile>
    <ClCompile Include="WV_Player.cpp">
      <Filter>Source Files</Filter>
    </ClCompile>
    <ClCompile Include="DynamicCharacterController.cpp">
      <Filter>Source Files</Filter>
    </ClCompile>
    <ClCompile Include="CollisionTools.cpp">
      <Filter>Source Files</Filter>
    </ClCompile>
    <ClCompile Include="WV_World.cpp">
      <Filter>Source Files</Filter>
    </ClCompile>
    <ClCompile Include="Base_Area.cpp">
      <Filter>Source Files</Filter>
    </ClCompile>
    <ClCompile Include="WV_Debug_Render.cpp">
      <Filter>Source Files</Filter>
    </ClCompile>
    <ClCompile Include="WV_Properties.cpp">
      <Filter>Source Files</Filter>
    </ClCompile>
    <ClCompile Include="WV_Physics.cpp">
      <Filter>Source Files</Filter>
    </ClCompile>
    <ClCompile Include="WV_Import_3DT.cpp">
      <Filter>Source Files</Filter>
    </ClCompile>
    <ClCompile Include="WV_Faces.cpp">
      <Filter>Source Files</Filter>
    </ClCompile>
    <ClCompile Include="WV_BrushTabs_Dlg.cpp">
      <Filter>Source Files</Filter>
    </ClCompile>
    <ClCompile Include="A_Export_World.cpp">
      <Filter>Source Files</Filter>
    </ClCompile>
    <ClCompile Include="typeio.c">
      <Filter>Source Files</Filter>
    </ClCompile>
    <ClCompile Include="WE_SPLITVIEWS.cpp">
      <Filter>Source Files</Filter>
    </ClCompile>
    <ClCompile Include="CFusionDoc.cpp">
      <Filter>Source Files</Filter>
    </ClCompile>
    <ClCompile Include="CLevel.cpp">
      <Filter>Source Files</Filter>
    </ClCompile>
    <ClCompile Include="CGroup.cpp">
      <Filter>Source Files</Filter>
    </ClCompile>
    <ClCompile Include="CUtil.cpp">
      <Filter>Source Files</Filter>
    </ClCompile>
    <ClCompile Include="CModel.cpp">
      <Filter>Source Files</Filter>
    </ClCompile>
    <ClCompile Include="CList.cpp">
      <Filter>Source Files</Filter>
    </ClCompile>
    <ClCompile Include="CBrushTemplate.cpp">
      <Filter>Source Files</Filter>
    </ClCompile>
    <ClCompile Include="CRender.cpp">
      <Filter>Source Files</Filter>
    </ClCompile>
    <ClCompile Include="CFaces.cpp">
      <Filter>Source Files</Filter>
    </ClCompile>
    <ClCompile Include="CBox3d.cpp">
      <Filter>Source Files</Filter>
    </ClCompile>
    <ClCompile Include="CBrush.cpp">
      <Filter>Source Files</Filter>
    </ClCompile>
    <ClCompile Include="CFaceList.cpp">
      <Filter>Source Files</Filter>
    </ClCompile>
    <ClCompile Include="CView.cpp">
      <Filter>Source Files</Filter>
    </ClCompile>
  </ItemGroup>
  <ItemGroup>
    <ResourceCompile Include="World_Viewer.rc">
      <Filter>Resource Files</Filter>
    </ResourceCompile>
  </ItemGroup>
  <ItemGroup>
    <Image Include="small.ico">
      <Filter>Resource Files</Filter>
    </Image>
    <Image Include="World_Viewer.ico">
      <Filter>Resource Files</Filter>
    </Image>
  </ItemGroup>
</Project>