<?xml version="1.0" encoding="utf-8"?>
<Project ToolsVersion="4.0" xmlns="http://schemas.microsoft.com/developer/msbuild/2003">
  <ItemGroup>
    <Filter Include="Source Files">
      <UniqueIdentifier>{4FC737F1-C7A5-4376-A066-2A32D752A2FF}</UniqueIdentifier>
      <Extensions>cpp;c;cc;cxx;def;odl;idl;hpj;bat;asm;asmx</Extensions>
    </Filter>
    <Filter Include="Header Files">
      <UniqueIdentifier>{93995380-89BD-4b04-88EB-625FBE52EBFB}</UniqueIdentifier>
      <Extensions>h;hh;hpp;hxx;hm;inl;inc;xsd</Extensions>
    </Filter>
    <Filter Include="Resource Files">
      <UniqueIdentifier>{67DA6AB6-F800-4c08-8B7A-83BB121AAD01}</UniqueIdentifier>
      <Extensions>rc;ico;cur;bmp;dlg;rc2;rct;bin;rgs;gif;jpg;jpeg;jpe;resx;tiff;tif;png;wav;mfcribbon-ms</Extensions>
    </Filter>
  </ItemGroup>
  <ItemGroup>
    <Text Include="ReadMe.txt" />
  </ItemGroup>
  <ItemGroup>
    <ClInclude Include="stdafx.h">
      <Filter>Header Files</Filter>
    </ClInclude>
    <ClInclude Include="targetver.h">
      <Filter>Header Files</Filter>
    </ClInclude>
    <ClInclude Include="Resource.h">
      <Filter>Header Files</Filter>
    </ClInclude>
    <ClInclude Include="Equity_ME.h">
      <Filter>Header Files</Filter>
    </ClInclude>
    <ClInclude Include="ME_App.h">
      <Filter>Header Files</Filter>
    </ClInclude>
    <ClInclude Include="ME_Ogre.h">
      <Filter>Header Files</Filter>
    </ClInclude>
    <ClInclude Include="ME_Utilities.h">
      <Filter>Header Files</Filter>
    </ClInclude>
    <ClInclude Include="ME_OgreListener.h">
      <Filter>Header Files</Filter>
    </ClInclude>
    <ClInclude Include="ME_Grid.h">
      <Filter>Header Files</Filter>
    </ClInclude>
    <ClInclude Include="ME_ImGui.h">
      <Filter>Header Files</Filter>
    </ClInclude>
    <ClInclude Include="ME_Assimp.h">
      <Filter>Header Files</Filter>
    </ClInclude>
    <ClInclude Include="ME_Import.h">
      <Filter>Header Files</Filter>
    </ClInclude>
    <ClInclude Include="ME_FileIO.h">
      <Filter>Header Files</Filter>
    </ClInclude>
    <ClInclude Include="ME_Model.h">
      <Filter>Header Files</Filter>
    </ClInclude>
    <ClInclude Include="Base_Group.h">
      <Filter>Header Files</Filter>
    </ClInclude>
    <ClInclude Include="ME_TopBar.h">
      <Filter>Header Files</Filter>
    </ClInclude>
    <ClInclude Include="ME_FileView.h">
      <Filter>Header Files</Filter>
    </ClInclude>
    <ClInclude Include="ME_Groups.h">
      <Filter>Header Files</Filter>
    </ClInclude>
    <ClInclude Include="ME_Panels.h">
      <Filter>Header Files</Filter>
    </ClInclude>
    <ClInclude Include="ME_Textures.h">
      <Filter>Header Files</Filter>
    </ClInclude>
    <ClInclude Include="ME_Render.h">
      <Filter>Header Files</Filter>
    </ClInclude>
  </ItemGroup>
  <ItemGroup>
    <ClCompile Include="stdafx.cpp">
      <Filter>Source Files</Filter>
    </ClCompile>
    <ClCompile Include="Equity_ME.cpp">
      <Filter>Source Files</Filter>
    </ClCompile>
    <ClCompile Include="ME_App.cpp">
      <Filter>Source Files</Filter>
    </ClCompile>
    <ClCompile Include="ME_Ogre.cpp">
      <Filter>Source Files</Filter>
    </ClCompile>
    <ClCompile Include="ME_Utilities.cpp">
      <Filter>Source Files</Filter>
    </ClCompile>
    <ClCompile Include="ME_OgreListener.cpp">
      <Filter>Source Files</Filter>
    </ClCompile>
    <ClCompile Include="ME_Grid.cpp">
      <Filter>Source Files</Filter>
    </ClCompile>
    <ClCompile Include="..\..\Anim19_OSDN\Common\imGui\ImGui_cpp\imgui.cpp">
      <Filter>Source Files</Filter>
    </ClCompile>
    <ClCompile Include="..\..\Anim19_OSDN\Common\imGui\ImGui_cpp\imgui_demo.cpp">
      <Filter>Source Files</Filter>
    </ClCompile>
    <ClCompile Include="..\..\Anim19_OSDN\Common\imGui\ImGui_cpp\imgui_draw.cpp">
      <Filter>Source Files</Filter>
    </ClCompile>
    <ClCompile Include="..\..\Anim19_OSDN\Common\imGui\ImGui_cpp\imgui_widgets.cpp">
      <Filter>Source Files</Filter>
    </ClCompile>
    <ClCompile Include="..\..\Anim19_OSDN\Common\imGui\ImGui_cpp\ImguiManager.cpp">
      <Filter>Source Files</Filter>
    </ClCompile>
    <ClCompile Include="..\..\Anim19_OSDN\Common\imGui\ImGui_cpp\ImguiRenderable.cpp">
      <Filter>Source Files</Filter>
    </ClCompile>
    <ClCompile Include="ME_ImGui.cpp">
      <Filter>Source Files</Filter>
    </ClCompile>
    <ClCompile Include="ME_Assimp.cpp">
      <Filter>Source Files</Filter>
    </ClCompile>
    <ClCompile Include="ME_Import.cpp">
      <Filter>Source Files</Filter>
    </ClCompile>
    <ClCompile Include="ME_FileIO.cpp">
      <Filter>Source Files</Filter>
    </ClCompile>
    <ClCompile Include="ME_Model.cpp">
      <Filter>Source Files</Filter>
    </ClCompile>
    <ClCompile Include="Base_Group.cpp">
      <Filter>Source Files</Filter>
    </ClCompile>
    <ClCompile Include="ME_TopBar.cpp">
      <Filter>Source Files</Filter>
    </ClCompile>
    <ClCompile Include="ME_FileView.cpp">
      <Filter>Source Files</Filter>
    </ClCompile>
    <ClCompile Include="ME_Groups.cpp">
      <Filter>Source Files</Filter>
    </ClCompile>
    <ClCompile Include="ME_Panels.cpp">
      <Filter>Source Files</Filter>
    </ClCompile>
    <ClCompile Include="ME_Textures.cpp">
      <Filter>Source Files</Filter>
    </ClCompile>
    <ClCompile Include="ME_Render.cpp">
      <Filter>Source Files</Filter>
    </ClCompile>
  </ItemGroup>
  <ItemGroup>
    <ResourceCompile Include="Equity_ME.rc">
      <Filter>Resource Files</Filter>
    </ResourceCompile>
  </ItemGroup>
  <ItemGroup>
    <Image Include="small.ico">
      <Filter>Resource Files</Filter>
    </Image>
    <Image Include="Equity_ME.ico">
      <Filter>Resource Files</Filter>
    </Image>
    <Image Include="bitmap1.bmp">
      <Filter>Resource Files</Filter>
    </Image>
    <Image Include="bitmap2.bmp">
      <Filter>Resource Files</Filter>
    </Image>
    <Image Include="..\..\Anim19_OSDN\Resource\Dummy.bmp">
      <Filter>Resource Files</Filter>
    </Image>
    <Image Include="Resource\Dummy.bmp">
      <Filter>Resource Files</Filter>
    </Image>
    <Image Include="Resource\MenuBar\ModelData.bmp">
      <Filter>Resource Files</Filter>
    </Image>
    <Image Include="Resource\MenuBar\GridOff.bmp">
      <Filter>Resource Files</Filter>
    </Image>
    <Image Include="Resource\MenuBar\GridOn.bmp">
      <Filter>Resource Files</Filter>
    </Image>
    <Image Include="Resource\MenuBar\BondingBoxOn.bmp">
      <Filter>Resource Files</Filter>
    </Image>
    <Image Include="Resource\MenuBar\BondingBoxOff.bmp">
      <Filter>Resource Files</Filter>
    </Image>
  </ItemGroup>
</Project>